
Microsoft Visual Studio Solution File, Format Version 12.00
Project("{FAE04EC0-301F-11D3-BF4B-00C04F79EFBC}") = "Domain", "Domain\Domain.csproj", "{960F7631-2A0D-4265-8C02-5CA3F8C1AB04}"
EndProject
Project("{FAE04EC0-301F-11D3-BF4B-00C04F79EFBC}") = "Infraestrutura", "Infraestrutura\Infraestrutura.csproj", "{8C2780BE-C955-488A-B2F7-EECBB16366F4}"
EndProject
Project("{FAE04EC0-301F-11D3-BF4B-00C04F79EFBC}") = "Aplicacao", "Aplicacao\Aplicacao.csproj", "{AD1E8AE9-A97E-4BC5-B31C-5D62A3170D7C}"
EndProject
Project("{FAE04EC0-301F-11D3-BF4B-00C04F79EFBC}") = "Api", "Api\Api.csproj", "{69617BE8-2CF8-4163-BE16-F9FB80C90E22}"
EndProject
Global
	GlobalSection(SolutionConfigurationPlatforms) = preSolution
		Debug|Any CPU = Debug|Any CPU
		Release|Any CPU = Release|Any CPU
	EndGlobalSection
	GlobalSection(ProjectConfigurationPlatforms) = postSolution
		{960F7631-2A0D-4265-8C02-5CA3F8C1AB04}.Debug|Any CPU.ActiveCfg = Debug|Any CPU
		{960F7631-2A0D-4265-8C02-5CA3F8C1AB04}.Debug|Any CPU.Build.0 = Debug|Any CPU
		{960F7631-2A0D-4265-8C02-5CA3F8C1AB04}.Release|Any CPU.ActiveCfg = Release|Any CPU
		{960F7631-2A0D-4265-8C02-5CA3F8C1AB04}.Release|Any CPU.Build.0 = Release|Any CPU
		{8C2780BE-C955-488A-B2F7-EECBB16366F4}.Debug|Any CPU.ActiveCfg = Debug|Any CPU
		{8C2780BE-C955-488A-B2F7-EECBB16366F4}.Debug|Any CPU.Build.0 = Debug|Any CPU
		{8C2780BE-C955-488A-B2F7-EECBB16366F4}.Release|Any CPU.ActiveCfg = Release|Any CPU
		{8C2780BE-C955-488A-B2F7-EECBB16366F4}.Release|Any CPU.Build.0 = Release|Any CPU
		{AD1E8AE9-A97E-4BC5-B31C-5D62A3170D7C}.Debug|Any CPU.ActiveCfg = Debug|Any CPU
		{AD1E8AE9-A97E-4BC5-B31C-5D62A3170D7C}.Debug|Any CPU.Build.0 = Debug|Any CPU
		{AD1E8AE9-A97E-4BC5-B31C-5D62A3170D7C}.Release|Any CPU.ActiveCfg = Release|Any CPU
		{AD1E8AE9-A97E-4BC5-B31C-5D62A3170D7C}.Release|Any CPU.Build.0 = Release|Any CPU
		{69617BE8-2CF8-4163-BE16-F9FB80C90E22}.Debug|Any CPU.ActiveCfg = Debug|Any CPU
		{69617BE8-2CF8-4163-BE16-F9FB80C90E22}.Debug|Any CPU.Build.0 = Debug|Any CPU
		{69617BE8-2CF8-4163-BE16-F9FB80C90E22}.Release|Any CPU.ActiveCfg = Release|Any CPU
		{69617BE8-2CF8-4163-BE16-F9FB80C90E22}.Release|Any CPU.Build.0 = Release|Any CPU
	EndGlobalSection
EndGlobal
